{
  "lockfileVersion": 1,
  "workspaces": {
    "": {
      "name": "kanggo-test",
      "dependencies": {
        "argon2": "^0.45.1",
        "cookie-parser": "^1.4.7",
        "cors": "^2.8.6",
        "dotenv": "^17.4.2",
        "drizzle-orm": "^0.45.2",
        "express": "^5.2.1",
        "express-rate-limit": "^8.6.1",
        "helmet": "^8.3.0",
        "ioredis": "^6.0.0",
        "jsonwebtoken": "^9.0.3",
        "mysql2": "^3.23.2",
        "rate-limit-redis": "^6.0.1",
        "redlock": "^5.0.0-beta.2",
        "swagger-jsdoc": "^6.3.0",
        "swagger-ui-express": "^5.0.1",
        "zod": "^4.4.3",
      },
      "devDependencies": {
        "@types/bun": "latest",
        "@types/cookie-parser": "^1.4.10",
        "@types/cors": "^2.8.19",
        "@types/express": "^5.0.6",
        "@types/jsonwebtoken": "^9.0.10",
        "@types/node": "^26.1.2",
        "@types/swagger-jsdoc": "^6.0.4",
        "@types/swagger-ui-express": "^4.1.8",
        "drizzle-kit": "^0.31.10",
      },
      "peerDependencies": {
        "typescript": "^7.0.2",
      },
    },
  },
  "packages": {
    "@apidevtools/json-schema-ref-parser": ["@apidevtools/json-schema-ref-parser@14.0.1", "", { "dependencies": { "@types/json-schema": "^7.0.15", "js-yaml": "^4.1.0" } }, ""],

    "@apidevtools/openapi-schemas": ["@apidevtools/openapi-schemas@2.1.0", "", {}, ""],

    "@apidevtools/swagger-methods": ["@apidevtools/swagger-methods@3.0.2", "", {}, ""],

    "@apidevtools/swagger-parser": ["@apidevtools/swagger-parser@12.1.0", "", { "dependencies": { "@apidevtools/json-schema-ref-parser": "14.0.1", "@apidevtools/openapi-schemas": "^2.1.0", "@apidevtools/swagger-methods": "^3.0.2", "ajv": "^8.17.1", "ajv-draft-04": "^1.0.0", "call-me-maybe": "^1.0.2" }, "peerDependencies": { "openapi-types": ">=7" } }, ""],

    "@drizzle-team/brocli": ["@drizzle-team/brocli@0.10.2", "", {}, ""],

    "@epic-web/invariant": ["@epic-web/invariant@1.0.0", "", {}, ""],

    "@esbuild-kit/core-utils": ["@esbuild-kit/core-utils@3.3.2", "", { "dependencies": { "esbuild": "~0.18.20", "source-map-support": "^0.5.21" } }, ""],

    "@esbuild-kit/esm-loader": ["@esbuild-kit/esm-loader@2.6.5", "", { "dependencies": { "@esbuild-kit/core-utils": "^3.3.2", "get-tsconfig": "^4.7.0" } }, ""],

    "@esbuild/win32-x64": ["@esbuild/win32-x64@0.25.12", "", { "os": "win32", "cpu": "x64" }, ""],

    "@ioredis/commands": ["@ioredis/commands@2.0.0", "", {}, ""],

    "@isaacs/cliui": ["@isaacs/cliui@9.0.0", "", {}, ""],

    "@phc/format": ["@phc/format@1.0.0", "", {}, ""],

    "@scarf/scarf": ["@scarf/scarf@1.4.0", "", {}, ""],

    "@types/body-parser": ["@types/body-parser@1.19.6", "", { "dependencies": { "@types/connect": "*", "@types/node": "*" } }, ""],

    "@types/bun": ["@types/bun@1.3.14", "", { "dependencies": { "bun-types": "1.3.14" } }, "sha512-h1hFqFVcvAvD9j9K7ZW7vd82aSA+rTdznZa+5bwvCwqSB1jmmfLcbIWhOLx1/+boy/xmjgCs/OMUL8hRJSmnPw=="],

    "@types/connect": ["@types/connect@3.4.38", "", { "dependencies": { "@types/node": "*" } }, ""],

    "@types/cookie-parser": ["@types/cookie-parser@1.4.10", "", { "peerDependencies": { "@types/express": "*" } }, "sha512-B4xqkqfZ8Wek+rCOeRxsjMS9OgvzebEzzLYw7NHYuvzb7IdxOkI0ZHGgeEBX4PUM7QGVvNSK60T3OvWj3YfBRg=="],

    "@types/cors": ["@types/cors@2.8.19", "", { "dependencies": { "@types/node": "*" } }, ""],

    "@types/express": ["@types/express@5.0.6", "", { "dependencies": { "@types/body-parser": "*", "@types/express-serve-static-core": "^5.0.0", "@types/serve-static": "^2" } }, ""],

    "@types/express-serve-static-core": ["@types/express-serve-static-core@5.1.3", "", { "dependencies": { "@types/node": "*", "@types/qs": "*", "@types/range-parser": "*", "@types/send": "*" } }, ""],

    "@types/http-errors": ["@types/http-errors@2.0.5", "", {}, ""],

    "@types/json-schema": ["@types/json-schema@7.0.15", "", {}, ""],

    "@types/jsonwebtoken": ["@types/jsonwebtoken@9.0.10", "", { "dependencies": { "@types/ms": "*", "@types/node": "*" } }, ""],

    "@types/ms": ["@types/ms@2.1.0", "", {}, ""],

    "@types/node": ["@types/node@26.1.2", "", { "dependencies": { "undici-types": "~8.3.0" } }, ""],

    "@types/qs": ["@types/qs@6.15.1", "", {}, ""],

    "@types/range-parser": ["@types/range-parser@1.2.7", "", {}, ""],

    "@types/send": ["@types/send@1.2.1", "", { "dependencies": { "@types/node": "*" } }, ""],

    "@types/serve-static": ["@types/serve-static@2.2.0", "", { "dependencies": { "@types/http-errors": "*", "@types/node": "*" } }, ""],

    "@types/swagger-jsdoc": ["@types/swagger-jsdoc@6.0.4", "", {}, "sha512-W+Xw5epcOZrF/AooUM/PccNMSAFOKWZA5dasNyMujTwsBkU74njSJBpvCCJhHAJ95XRMzQrrW844Btu0uoetwQ=="],

    "@types/swagger-ui-express": ["@types/swagger-ui-express@4.1.8", "", { "dependencies": { "@types/express": "*", "@types/serve-static": "*" } }, "sha512-AhZV8/EIreHFmBV5wAs0gzJUNq9JbbSXgJLQubCC0jtIo6prnI9MIRRxnU4MZX9RB9yXxF1V4R7jtLl/Wcj31g=="],

    "@typescript/typescript-win32-x64": ["@typescript/typescript-win32-x64@7.0.2", "", { "os": "win32", "cpu": "x64" }, ""],

    "accepts": ["accepts@2.0.0", "", { "dependencies": { "mime-types": "^3.0.0", "negotiator": "^1.0.0" } }, ""],

    "ajv": ["ajv@8.20.0", "", { "dependencies": { "fast-deep-equal": "^3.1.3", "fast-uri": "^3.0.1", "json-schema-traverse": "^1.0.0", "require-from-string": "^2.0.2" } }, ""],

    "ajv-draft-04": ["ajv-draft-04@1.0.0", "", { "peerDependencies": { "ajv": "^8.5.0" } }, ""],

    "argon2": ["argon2@0.45.1", "", { "dependencies": { "@phc/format": "^1.0.0", "cross-env": "^10.1.0", "node-addon-api": "^8.9.0", "node-gyp-build": "^4.8.4" } }, ""],

    "argparse": ["argparse@2.0.1", "", {}, ""],

    "aws-ssl-profiles": ["aws-ssl-profiles@1.1.2", "", {}, ""],

    "balanced-match": ["balanced-match@4.0.4", "", {}, ""],

    "body-parser": ["body-parser@2.3.0", "", { "dependencies": { "bytes": "^3.1.2", "content-type": "^2.0.0", "debug": "^4.4.3", "http-errors": "^2.0.1", "iconv-lite": "^0.7.2", "on-finished": "^2.4.1", "qs": "^6.15.2", "raw-body": "^3.0.2", "type-is": "^2.1.0" } }, ""],

    "brace-expansion": ["brace-expansion@5.0.9", "", { "dependencies": { "balanced-match": "^4.0.2" } }, ""],

    "buffer-equal-constant-time": ["buffer-equal-constant-time@1.0.1", "", {}, ""],

    "buffer-from": ["buffer-from@1.1.2", "", {}, ""],

    "bun-types": ["bun-types@1.3.14", "", { "dependencies": { "@types/node": "*" } }, ""],

    "bytes": ["bytes@3.1.2", "", {}, ""],

    "call-bind-apply-helpers": ["call-bind-apply-helpers@1.0.2", "", { "dependencies": { "es-errors": "^1.3.0", "function-bind": "^1.1.2" } }, ""],

    "call-bound": ["call-bound@1.0.4", "", { "dependencies": { "call-bind-apply-helpers": "^1.0.2", "get-intrinsic": "^1.3.0" } }, ""],

    "call-me-maybe": ["call-me-maybe@1.0.2", "", {}, ""],

    "cluster-key-slot": ["cluster-key-slot@1.1.1", "", {}, ""],

    "commander": ["commander@6.2.0", "", {}, ""],

    "content-disposition": ["content-disposition@1.1.0", "", {}, ""],

    "content-type": ["content-type@1.0.5", "", {}, ""],

    "cookie": ["cookie@0.7.2", "", {}, ""],

    "cookie-parser": ["cookie-parser@1.4.7", "", { "dependencies": { "cookie": "0.7.2", "cookie-signature": "1.0.6" } }, ""],

    "cookie-signature": ["cookie-signature@1.0.6", "", {}, ""],

    "cors": ["cors@2.8.6", "", { "dependencies": { "object-assign": "^4", "vary": "^1" } }, ""],

    "cross-env": ["cross-env@10.1.0", "", { "dependencies": { "@epic-web/invariant": "^1.0.0", "cross-spawn": "^7.0.6" }, "bin": { "cross-env": "dist/bin/cross-env.js", "cross-env-shell": "dist/bin/cross-env-shell.js" } }, ""],

    "cross-spawn": ["cross-spawn@7.0.6", "", { "dependencies": { "path-key": "^3.1.0", "shebang-command": "^2.0.0", "which": "^2.0.1" } }, ""],

    "debug": ["debug@4.4.3", "", { "dependencies": { "ms": "^2.1.3" } }, ""],

    "denque": ["denque@2.1.0", "", {}, ""],

    "depd": ["depd@2.0.0", "", {}, ""],

    "doctrine": ["doctrine@3.0.0", "", { "dependencies": { "esutils": "^2.0.2" } }, ""],

    "dotenv": ["dotenv@17.4.2", "", {}, ""],

    "drizzle-kit": ["drizzle-kit@0.31.10", "", { "dependencies": { "@drizzle-team/brocli": "^0.10.2", "@esbuild-kit/esm-loader": "^2.5.5", "esbuild": "^0.25.4", "tsx": "^4.21.0" }, "bin": "bin.cjs" }, ""],

    "drizzle-orm": ["drizzle-orm@0.45.2", "", { "peerDependencies": { "@aws-sdk/client-rds-data": ">=3", "@cloudflare/workers-types": ">=4", "@electric-sql/pglite": ">=0.2.0", "@libsql/client": ">=0.10.0", "@libsql/client-wasm": ">=0.10.0", "@neondatabase/serverless": ">=0.10.0", "@op-engineering/op-sqlite": ">=2", "@opentelemetry/api": "^1.4.1", "@planetscale/database": ">=1.13", "@prisma/client": "*", "@tidbcloud/serverless": "*", "@types/better-sqlite3": "*", "@types/pg": "*", "@types/sql.js": "*", "@upstash/redis": ">=1.34.7", "@vercel/postgres": ">=0.8.0", "@xata.io/client": "*", "better-sqlite3": ">=7", "bun-types": "*", "expo-sqlite": ">=14.0.0", "gel": ">=2", "knex": "*", "kysely": "*", "mysql2": ">=2", "pg": ">=8", "postgres": ">=3", "sql.js": ">=1", "sqlite3": ">=5" }, "optionalPeers": ["@aws-sdk/client-rds-data", "@cloudflare/workers-types", "@electric-sql/pglite", "@libsql/client", "@libsql/client-wasm", "@neondatabase/serverless", "@op-engineering/op-sqlite", "@opentelemetry/api", "@planetscale/database", "@prisma/client", "@tidbcloud/serverless", "@types/better-sqlite3", "@types/pg", "@types/sql.js", "@upstash/redis", "@vercel/postgres", "@xata.io/client", "better-sqlite3", "expo-sqlite", "gel", "knex", "kysely", "pg", "postgres", "sql.js", "sqlite3"] }, ""],

    "dunder-proto": ["dunder-proto@1.0.1", "", { "dependencies": { "call-bind-apply-helpers": "^1.0.1", "es-errors": "^1.3.0", "gopd": "^1.2.0" } }, ""],

    "ecdsa-sig-formatter": ["ecdsa-sig-formatter@1.0.11", "", { "dependencies": { "safe-buffer": "^5.0.1" } }, ""],

    "ee-first": ["ee-first@1.1.1", "", {}, ""],

    "encodeurl": ["encodeurl@2.0.0", "", {}, ""],

    "es-define-property": ["es-define-property@1.0.1", "", {}, ""],

    "es-errors": ["es-errors@1.3.0", "", {}, ""],

    "es-object-atoms": ["es-object-atoms@1.1.2", "", { "dependencies": { "es-errors": "^1.3.0" } }, ""],

    "esbuild": ["esbuild@0.25.12", "", { "optionalDependencies": { "@esbuild/win32-x64": "0.25.12" }, "bin": "bin/esbuild" }, ""],

    "escape-html": ["escape-html@1.0.3", "", {}, ""],

    "esutils": ["esutils@2.0.3", "", {}, ""],

    "etag": ["etag@1.8.1", "", {}, ""],

    "express": ["express@5.2.1", "", { "dependencies": { "accepts": "^2.0.0", "body-parser": "^2.2.1", "content-disposition": "^1.0.0", "content-type": "^1.0.5", "cookie": "^0.7.1", "cookie-signature": "^1.2.1", "debug": "^4.4.0", "depd": "^2.0.0", "encodeurl": "^2.0.0", "escape-html": "^1.0.3", "etag": "^1.8.1", "finalhandler": "^2.1.0", "fresh": "^2.0.0", "http-errors": "^2.0.0", "merge-descriptors": "^2.0.0", "mime-types": "^3.0.0", "on-finished": "^2.4.1", "once": "^1.4.0", "parseurl": "^1.3.3", "proxy-addr": "^2.0.7", "qs": "^6.14.0", "range-parser": "^1.2.1", "router": "^2.2.0", "send": "^1.1.0", "serve-static": "^2.2.0", "statuses": "^2.0.1", "type-is": "^2.0.1", "vary": "^1.1.2" } }, ""],

    "express-rate-limit": ["express-rate-limit@8.6.1", "", { "dependencies": { "debug": "^4.4.3", "ip-address": "^10.2.0" }, "peerDependencies": { "express": ">= 4.11" } }, ""],

    "fast-deep-equal": ["fast-deep-equal@3.1.3", "", {}, ""],

    "fast-uri": ["fast-uri@3.1.5", "", {}, ""],

    "finalhandler": ["finalhandler@2.1.1", "", { "dependencies": { "debug": "^4.4.0", "encodeurl": "^2.0.0", "escape-html": "^1.0.3", "on-finished": "^2.4.1", "parseurl": "^1.3.3", "statuses": "^2.0.1" } }, ""],

    "foreground-child": ["foreground-child@3.3.1", "", { "dependencies": { "cross-spawn": "^7.0.6", "signal-exit": "^4.0.1" } }, ""],

    "forwarded": ["forwarded@0.2.0", "", {}, ""],

    "fresh": ["fresh@2.0.0", "", {}, ""],

    "function-bind": ["function-bind@1.1.2", "", {}, ""],

    "generate-function": ["generate-function@2.3.1", "", { "dependencies": { "is-property": "^1.0.2" } }, ""],

    "get-intrinsic": ["get-intrinsic@1.3.0", "", { "dependencies": { "call-bind-apply-helpers": "^1.0.2", "es-define-property": "^1.0.1", "es-errors": "^1.3.0", "es-object-atoms": "^1.1.1", "function-bind": "^1.1.2", "get-proto": "^1.0.1", "gopd": "^1.2.0", "has-symbols": "^1.1.0", "hasown": "^2.0.2", "math-intrinsics": "^1.1.0" } }, ""],

    "get-proto": ["get-proto@1.0.1", "", { "dependencies": { "dunder-proto": "^1.0.1", "es-object-atoms": "^1.0.0" } }, ""],

    "get-tsconfig": ["get-tsconfig@4.14.1", "", { "dependencies": { "resolve-pkg-maps": "^1.0.0" } }, ""],

    "glob": ["glob@11.1.0", "", { "dependencies": { "foreground-child": "^3.3.1", "jackspeak": "^4.1.1", "minimatch": "^10.1.1", "minipass": "^7.1.2", "package-json-from-dist": "^1.0.0", "path-scurry": "^2.0.0" }, "bin": "dist/esm/bin.mjs" }, ""],

    "gopd": ["gopd@1.2.0", "", {}, ""],

    "has-symbols": ["has-symbols@1.1.0", "", {}, ""],

    "hasown": ["hasown@2.0.4", "", { "dependencies": { "function-bind": "^1.1.2" } }, ""],

    "helmet": ["helmet@8.3.0", "", {}, ""],

    "http-errors": ["http-errors@2.0.1", "", { "dependencies": { "depd": "~2.0.0", "inherits": "~2.0.4", "setprototypeof": "~1.2.0", "statuses": "~2.0.2", "toidentifier": "~1.0.1" } }, ""],

    "iconv-lite": ["iconv-lite@0.7.3", "", { "dependencies": { "safer-buffer": ">= 2.1.2 < 3.0.0" } }, ""],

    "inherits": ["inherits@2.0.4", "", {}, ""],

    "ioredis": ["ioredis@6.0.0", "", { "dependencies": { "@ioredis/commands": "2.0.0", "cluster-key-slot": "1.1.1", "debug": "4.4.3", "denque": "2.1.0", "redis-errors": "1.2.0", "standard-as-callback": "2.1.0" } }, ""],

    "ip-address": ["ip-address@10.4.0", "", {}, ""],

    "ipaddr.js": ["ipaddr.js@1.9.1", "", {}, ""],

    "is-promise": ["is-promise@4.0.0", "", {}, ""],

    "is-property": ["is-property@1.0.2", "", {}, ""],

    "isexe": ["isexe@2.0.0", "", {}, ""],

    "jackspeak": ["jackspeak@4.2.3", "", { "dependencies": { "@isaacs/cliui": "^9.0.0" } }, ""],

    "js-yaml": ["js-yaml@4.3.1", "", { "dependencies": { "argparse": "^2.0.1" }, "bin": "bin/js-yaml.js" }, ""],

    "json-schema-traverse": ["json-schema-traverse@1.0.0", "", {}, ""],

    "jsonwebtoken": ["jsonwebtoken@9.0.3", "", { "dependencies": { "jws": "^4.0.1", "lodash.includes": "^4.3.0", "lodash.isboolean": "^3.0.3", "lodash.isinteger": "^4.0.4", "lodash.isnumber": "^3.0.3", "lodash.isplainobject": "^4.0.6", "lodash.isstring": "^4.0.1", "lodash.once": "^4.0.0", "ms": "^2.1.1", "semver": "^7.5.4" } }, ""],

    "jwa": ["jwa@2.0.1", "", { "dependencies": { "buffer-equal-constant-time": "^1.0.1", "ecdsa-sig-formatter": "1.0.11", "safe-buffer": "^5.0.1" } }, ""],

    "jws": ["jws@4.0.1", "", { "dependencies": { "jwa": "^2.0.1", "safe-buffer": "^5.0.1" } }, ""],

    "lodash.includes": ["lodash.includes@4.3.0", "", {}, ""],

    "lodash.isboolean": ["lodash.isboolean@3.0.3", "", {}, ""],

    "lodash.isinteger": ["lodash.isinteger@4.0.4", "", {}, ""],

    "lodash.isnumber": ["lodash.isnumber@3.0.3", "", {}, ""],

    "lodash.isplainobject": ["lodash.isplainobject@4.0.6", "", {}, ""],

    "lodash.isstring": ["lodash.isstring@4.0.1", "", {}, ""],

    "lodash.mergewith": ["lodash.mergewith@4.6.2", "", {}, ""],

    "lodash.once": ["lodash.once@4.1.1", "", {}, ""],

    "long": ["long@5.3.2", "", {}, ""],

    "lru-cache": ["lru-cache@11.5.2", "", {}, ""],

    "lru.min": ["lru.min@1.1.4", "", {}, ""],

    "math-intrinsics": ["math-intrinsics@1.1.0", "", {}, ""],

    "media-typer": ["media-typer@1.1.1", "", {}, ""],

    "merge-descriptors": ["merge-descriptors@2.0.0", "", {}, ""],

    "mime-db": ["mime-db@1.54.0", "", {}, ""],

    "mime-types": ["mime-types@3.0.2", "", { "dependencies": { "mime-db": "^1.54.0" } }, ""],

    "minimatch": ["minimatch@10.2.6", "", { "dependencies": { "brace-expansion": "^5.0.8" } }, ""],

    "minipass": ["minipass@7.1.3", "", {}, ""],

    "ms": ["ms@2.1.3", "", {}, ""],

    "mysql2": ["mysql2@3.23.2", "", { "dependencies": { "aws-ssl-profiles": "^1.1.2", "denque": "^2.1.0", "generate-function": "^2.3.1", "iconv-lite": "^0.7.2", "long": "^5.3.2", "lru.min": "^1.1.4", "named-placeholders": "^1.1.6", "sql-escaper": "^1.5.1" }, "peerDependencies": { "@types/node": ">= 8" } }, ""],

    "named-placeholders": ["named-placeholders@1.1.6", "", { "dependencies": { "lru.min": "^1.1.0" } }, ""],

    "negotiator": ["negotiator@1.0.0", "", {}, ""],

    "node-abort-controller": ["node-abort-controller@3.1.1", "", {}, ""],

    "node-addon-api": ["node-addon-api@8.9.1", "", {}, ""],

    "node-gyp-build": ["node-gyp-build@4.8.4", "", { "bin": { "node-gyp-build": "bin.js", "node-gyp-build-optional": "optional.js", "node-gyp-build-test": "build-test.js" } }, ""],

    "object-assign": ["object-assign@4.1.1", "", {}, ""],

    "object-inspect": ["object-inspect@1.13.4", "", {}, ""],

    "on-finished": ["on-finished@2.4.1", "", { "dependencies": { "ee-first": "1.1.1" } }, ""],

    "once": ["once@1.4.0", "", { "dependencies": { "wrappy": "1" } }, ""],

    "openapi-types": ["openapi-types@12.1.3", "", {}, ""],

    "package-json-from-dist": ["package-json-from-dist@1.0.1", "", {}, ""],

    "parseurl": ["parseurl@1.3.3", "", {}, ""],

    "path-key": ["path-key@3.1.1", "", {}, ""],

    "path-scurry": ["path-scurry@2.0.2", "", { "dependencies": { "lru-cache": "^11.0.0", "minipass": "^7.1.2" } }, ""],

    "path-to-regexp": ["path-to-regexp@8.4.2", "", {}, ""],

    "proxy-addr": ["proxy-addr@2.0.7", "", { "dependencies": { "forwarded": "0.2.0", "ipaddr.js": "1.9.1" } }, ""],

    "qs": ["qs@6.15.3", "", { "dependencies": { "es-define-property": "^1.0.1", "side-channel": "^1.1.1" } }, ""],

    "range-parser": ["range-parser@1.3.0", "", {}, ""],

    "rate-limit-redis": ["rate-limit-redis@6.0.1", "", { "peerDependencies": { "express-rate-limit": ">= 8.6.0" } }, ""],

    "raw-body": ["raw-body@3.0.2", "", { "dependencies": { "bytes": "~3.1.2", "http-errors": "~2.0.1", "iconv-lite": "~0.7.0", "unpipe": "~1.0.0" } }, ""],

    "redis-errors": ["redis-errors@1.2.0", "", {}, ""],

    "redlock": ["redlock@5.0.0-beta.2", "", { "dependencies": { "node-abort-controller": "^3.0.1" } }, ""],

    "require-from-string": ["require-from-string@2.0.2", "", {}, ""],

    "resolve-pkg-maps": ["resolve-pkg-maps@1.0.0", "", {}, ""],

    "router": ["router@2.2.0", "", { "dependencies": { "debug": "^4.4.0", "depd": "^2.0.0", "is-promise": "^4.0.0", "parseurl": "^1.3.3", "path-to-regexp": "^8.0.0" } }, ""],

    "safe-buffer": ["safe-buffer@5.2.1", "", {}, ""],

    "safer-buffer": ["safer-buffer@2.1.2", "", {}, ""],

    "semver": ["semver@7.8.5", "", { "bin": "bin/semver.js" }, ""],

    "send": ["send@1.2.1", "", { "dependencies": { "debug": "^4.4.3", "encodeurl": "^2.0.0", "escape-html": "^1.0.3", "etag": "^1.8.1", "fresh": "^2.0.0", "http-errors": "^2.0.1", "mime-types": "^3.0.2", "ms": "^2.1.3", "on-finished": "^2.4.1", "range-parser": "^1.2.1", "statuses": "^2.0.2" } }, ""],

    "serve-static": ["serve-static@2.2.1", "", { "dependencies": { "encodeurl": "^2.0.0", "escape-html": "^1.0.3", "parseurl": "^1.3.3", "send": "^1.2.0" } }, ""],

    "setprototypeof": ["setprototypeof@1.2.0", "", {}, ""],

    "shebang-command": ["shebang-command@2.0.0", "", { "dependencies": { "shebang-regex": "^3.0.0" } }, ""],

    "shebang-regex": ["shebang-regex@3.0.0", "", {}, ""],

    "side-channel": ["side-channel@1.1.1", "", { "dependencies": { "es-errors": "^1.3.0", "object-inspect": "^1.13.4", "side-channel-list": "^1.0.1", "side-channel-map": "^1.0.1", "side-channel-weakmap": "^1.0.2" } }, ""],

    "side-channel-list": ["side-channel-list@1.0.1", "", { "dependencies": { "es-errors": "^1.3.0", "object-inspect": "^1.13.4" } }, ""],

    "side-channel-map": ["side-channel-map@1.0.1", "", { "dependencies": { "call-bound": "^1.0.2", "es-errors": "^1.3.0", "get-intrinsic": "^1.2.5", "object-inspect": "^1.13.3" } }, ""],

    "side-channel-weakmap": ["side-channel-weakmap@1.0.2", "", { "dependencies": { "call-bound": "^1.0.2", "es-errors": "^1.3.0", "get-intrinsic": "^1.2.5", "object-inspect": "^1.13.3", "side-channel-map": "^1.0.1" } }, ""],

    "signal-exit": ["signal-exit@4.1.0", "", {}, ""],

    "source-map": ["source-map@0.6.1", "", {}, ""],

    "source-map-support": ["source-map-support@0.5.21", "", { "dependencies": { "buffer-from": "^1.0.0", "source-map": "^0.6.0" } }, ""],

    "sql-escaper": ["sql-escaper@1.5.1", "", {}, ""],

    "standard-as-callback": ["standard-as-callback@2.1.0", "", {}, ""],

    "statuses": ["statuses@2.0.2", "", {}, ""],

    "swagger-jsdoc": ["swagger-jsdoc@6.3.0", "", { "dependencies": { "@apidevtools/swagger-parser": "^12.1.0", "commander": "6.2.0", "doctrine": "3.0.0", "glob": "11.1.0", "lodash.mergewith": "^4.6.2", "yaml": "2.0.0-1" }, "bin": "bin/swagger-jsdoc.js" }, ""],

    "swagger-ui-dist": ["swagger-ui-dist@5.32.12", "", { "dependencies": { "@scarf/scarf": "=1.4.0" } }, ""],

    "swagger-ui-express": ["swagger-ui-express@5.0.1", "", { "dependencies": { "swagger-ui-dist": ">=5.0.0" }, "peerDependencies": { "express": ">=4.0.0 || >=5.0.0-beta" } }, ""],

    "toidentifier": ["toidentifier@1.0.1", "", {}, ""],

    "tsx": ["tsx@4.23.5", "", { "dependencies": { "esbuild": "~0.28.0" }, "bin": "dist/cli.mjs" }, ""],

    "type-is": ["type-is@2.1.0", "", { "dependencies": { "content-type": "^2.0.0", "media-typer": "^1.1.0", "mime-types": "^3.0.0" } }, ""],

    "typescript": ["typescript@7.0.2", "", { "optionalDependencies": { "@typescript/typescript-win32-x64": "7.0.2" }, "bin": { "tsc": "bin/tsc" } }, ""],

    "undici-types": ["undici-types@8.3.0", "", {}, ""],

    "unpipe": ["unpipe@1.0.0", "", {}, ""],

    "vary": ["vary@1.1.2", "", {}, ""],

    "which": ["which@2.0.2", "", { "dependencies": { "isexe": "^2.0.0" }, "bin": { "node-which": "bin/node-which" } }, ""],

    "wrappy": ["wrappy@1.0.2", "", {}, ""],

    "yaml": ["yaml@2.0.0-1", "", {}, ""],

    "zod": ["zod@4.4.3", "", {}, ""],

    "@esbuild-kit/core-utils/esbuild": ["esbuild@0.18.20", "", { "optionalDependencies": { "@esbuild/win32-x64": "0.18.20" }, "bin": "bin/esbuild" }, ""],

    "body-parser/content-type": ["content-type@2.0.0", "", {}, ""],

    "express/cookie-signature": ["cookie-signature@1.2.2", "", {}, ""],

    "tsx/esbuild": ["esbuild@0.28.1", "", { "optionalDependencies": { "@esbuild/win32-x64": "0.28.1" }, "bin": "bin/esbuild" }, ""],

    "type-is/content-type": ["content-type@2.0.0", "", {}, ""],

    "@esbuild-kit/core-utils/esbuild/@esbuild/win32-x64": ["@esbuild/win32-x64@0.18.20", "", { "os": "win32", "cpu": "x64" }, ""],

    "tsx/esbuild/@esbuild/win32-x64": ["@esbuild/win32-x64@0.28.1", "", { "os": "win32", "cpu": "x64" }, ""],
  }
}
